
Microsoft Visual Studio Solution File, Format Version 10.00
# Visual Studio 2008
Project("{F184B08F-C81C-45F6-A57F-5ABD9991F28F}") = "DeltaDTB-OOP", "DeltaDTB-OOP.vbproj", "{C08C85AD-1A3B-472C-B027-32F6D472DA21}"
EndProject
Global
	GlobalSection(SolutionConfigurationPlatforms) = preSolution
		Debug|Any CPU = Debug|Any CPU
		Release|Any CPU = Release|Any CPU
	EndGlobalSection
	GlobalSection(ProjectConfigurationPlatforms) = postSolution
		{C08C85AD-1A3B-472C-B027-32F6D472DA21}.Debug|Any CPU.ActiveCfg = Debug|Any CPU
		{C08C85AD-1A3B-472C-B027-32F6D472DA21}.Debug|Any CPU.Build.0 = Debug|Any CPU
		{C08C85AD-1A3B-472C-B027-32F6D472DA21}.Release|Any CPU.ActiveCfg = Release|Any CPU
		{C08C85AD-1A3B-472C-B027-32F6D472DA21}.Release|Any CPU.Build.0 = Release|Any CPU
	EndGlobalSection
	GlobalSection(SolutionProperties) = preSolution
		HideSolutionNode = FALSE
	EndGlobalSection
EndGlobal
